{
  "name": "nodejs-redirect",
  "version": "1.0.2",
  "lockfileVersion": 3,
  "requires": true,
  "packages": {
    "": {
      "name": "nodejs-redirect",
      "version": "1.0.2",
      "license": "ISC",
      "dependencies": {
        "js-yaml": "^4.1.0",
        "totp-generator": "^1.0.0"
      }
    },
    "node_modules/argparse": {
      "version": "2.0.1",
      "resolved": "https://registry.npmjs.org/argparse/-/argparse-2.0.1.tgz",
      "integrity": "sha512-8+9WqebbFzpX9OR+Wa6O29asIogeRMzcGtAINdpMHHyAg10f05aSFVBbcEqGf/PXw1EjAZ+q2/bEBg3DvurK3Q=="
    },
    "node_modules/js-yaml": {
      "version": "4.1.0",
      "resolved": "https://registry.npmjs.org/js-yaml/-/js-yaml-4.1.0.tgz",
      "integrity": "sha512-wpxZs9NoxZaJESJGIZTyDEaYpl0FKSA+FB9aJiyemKhMwkxQg63h4T1KJgUGHpTqPDNRcmmYLugrRjJlBtWvRA==",
      "dependencies": {
        "argparse": "^2.0.1"
      },
      "bin": {
        "js-yaml": "bin/js-yaml.js"
      }
    },
    "node_modules/jssha": {
      "version": "3.3.1",
      "resolved": "https://registry.npmjs.org/jssha/-/jssha-3.3.1.tgz",
      "integrity": "sha512-VCMZj12FCFMQYcFLPRm/0lOBbLi8uM2BhXPTqw3U4YAfs4AZfiApOoBLoN8cQE60Z50m1MYMTQVCfgF/KaCVhQ==",
      "engines": {
        "node": "*"
      }
    },
    "node_modules/totp-generator": {
      "version": "1.0.0",
      "resolved": "https://registry.npmjs.org/totp-generator/-/totp-generator-1.0.0.tgz",
      "integrity": "sha512-Iu/1Lk60/MH8FE+5cDWPiGbwKK1hxzSq+KT9oSqhZ1BEczGIKGcN50bP0WMLiIZKRg7t29iWLxw6f81TICQdoA==",
      "dependencies": {
        "jssha": "^3.3.1"
      }
    }
  }
}
